
Microsoft Visual Studio Solution File, Format Version 12.00
# Visual Studio Version 16
VisualStudioVersion = 16.0.31025.194
MinimumVisualStudioVersion = 10.0.40219.1
Project("{FAE04EC0-301F-11D3-BF4B-00C04F79EFBC}") = "vCardAdministratorConsole", "vCardAdministratorConsole\vCardAdministratorConsole.csproj", "{669440CB-DF68-47C8-8386-B2C81F57BCE2}"
EndProject
Project("{FAE04EC0-301F-11D3-BF4B-00C04F79EFBC}") = "vCardGateway", "vCardGateway\vCardGateway.csproj", "{0F33CD6A-3333-4EDD-B03D-9450375D9305}"
EndProject
Global
	GlobalSection(SolutionConfigurationPlatforms) = preSolution
		Debug|Any CPU = Debug|Any CPU
		Release|Any CPU = Release|Any CPU
	EndGlobalSection
	GlobalSection(ProjectConfigurationPlatforms) = postSolution
		{669440CB-DF68-47C8-8386-B2C81F57BCE2}.Debug|Any CPU.ActiveCfg = Debug|Any CPU
		{669440CB-DF68-47C8-8386-B2C81F57BCE2}.Debug|Any CPU.Build.0 = Debug|Any CPU
		{669440CB-DF68-47C8-8386-B2C81F57BCE2}.Release|Any CPU.ActiveCfg = Release|Any CPU
		{669440CB-DF68-47C8-8386-B2C81F57BCE2}.Release|Any CPU.Build.0 = Release|Any CPU
		{0F33CD6A-3333-4EDD-B03D-9450375D9305}.Debug|Any CPU.ActiveCfg = Debug|Any CPU
		{0F33CD6A-3333-4EDD-B03D-9450375D9305}.Debug|Any CPU.Build.0 = Debug|Any CPU
		{0F33CD6A-3333-4EDD-B03D-9450375D9305}.Release|Any CPU.ActiveCfg = Release|Any CPU
		{0F33CD6A-3333-4EDD-B03D-9450375D9305}.Release|Any CPU.Build.0 = Release|Any CPU
	EndGlobalSection
	GlobalSection(SolutionProperties) = preSolution
		HideSolutionNode = FALSE
	EndGlobalSection
	GlobalSection(ExtensibilityGlobals) = postSolution
		SolutionGuid = {054A5F0B-75A1-4615-ABE1-6BB8F75A879C}
	EndGlobalSection
EndGlobal
